
Microsoft Visual Studio Solution File, Format Version 12.00
# Visual Studio 15
VisualStudioVersion = 15.0.28307.421
MinimumVisualStudioVersion = 10.0.40219.1
Project("{FAE04EC0-301F-11D3-BF4B-00C04F79EFBC}") = "View", "View\View.csproj", "{9289B04C-D517-4944-AFB5-F254829E55C3}"
EndProject
Project("{FAE04EC0-301F-11D3-BF4B-00C04F79EFBC}") = "Model", "Model\Model.csproj", "{71389B87-D6D8-4DDF-B574-BA893398836B}"
EndProject
Project("{FAE04EC0-301F-11D3-BF4B-00C04F79EFBC}") = "Repository", "Repository\Repository.csproj", "{B12E030D-1F27-4B7D-8720-B4EB833E7E45}"
EndProject
Global
	GlobalSection(SolutionConfigurationPlatforms) = preSolution
		Debug|Any CPU = Debug|Any CPU
		Release|Any CPU = Release|Any CPU
	EndGlobalSection
	GlobalSection(ProjectConfigurationPlatforms) = postSolution
		{9289B04C-D517-4944-AFB5-F254829E55C3}.Debug|Any CPU.ActiveCfg = Debug|Any CPU
		{9289B04C-D517-4944-AFB5-F254829E55C3}.Debug|Any CPU.Build.0 = Debug|Any CPU
		{9289B04C-D517-4944-AFB5-F254829E55C3}.Release|Any CPU.ActiveCfg = Release|Any CPU
		{9289B04C-D517-4944-AFB5-F254829E55C3}.Release|Any CPU.Build.0 = Release|Any CPU
		{71389B87-D6D8-4DDF-B574-BA893398836B}.Debug|Any CPU.ActiveCfg = Debug|Any CPU
		{71389B87-D6D8-4DDF-B574-BA893398836B}.Debug|Any CPU.Build.0 = Debug|Any CPU
		{71389B87-D6D8-4DDF-B574-BA893398836B}.Release|Any CPU.ActiveCfg = Release|Any CPU
		{71389B87-D6D8-4DDF-B574-BA893398836B}.Release|Any CPU.Build.0 = Release|Any CPU
		{B12E030D-1F27-4B7D-8720-B4EB833E7E45}.Debug|Any CPU.ActiveCfg = Debug|Any CPU
		{B12E030D-1F27-4B7D-8720-B4EB833E7E45}.Debug|Any CPU.Build.0 = Debug|Any CPU
		{B12E030D-1F27-4B7D-8720-B4EB833E7E45}.Release|Any CPU.ActiveCfg = Release|Any CPU
		{B12E030D-1F27-4B7D-8720-B4EB833E7E45}.Release|Any CPU.Build.0 = Release|Any CPU
	EndGlobalSection
	GlobalSection(SolutionProperties) = preSolution
		HideSolutionNode = FALSE
	EndGlobalSection
	GlobalSection(ExtensibilityGlobals) = postSolution
		SolutionGuid = {B22F05C8-6828-454D-9FBF-653015C8A792}
	EndGlobalSection
EndGlobal
